
Microsoft Visual Studio Solution File, Format Version 12.00
# Visual Studio 15
VisualStudioVersion = 15.0.28307.438
MinimumVisualStudioVersion = 10.0.40219.1
Project("{9A19103F-16F7-4668-BE54-9A1E7A4F7556}") = "ex1", "ex1\ex1.csproj", "{0FF49020-8C25-41D1-96B4-510813DCEACF}"
EndProject
Global
	GlobalSection(SolutionConfigurationPlatforms) = preSolution
		Debug|Any CPU = Debug|Any CPU
		Release|Any CPU = Release|Any CPU
	EndGlobalSection
	GlobalSection(ProjectConfigurationPlatforms) = postSolution
		{0FF49020-8C25-41D1-96B4-510813DCEACF}.Debug|Any CPU.ActiveCfg = Debug|Any CPU
		{0FF49020-8C25-41D1-96B4-510813DCEACF}.Debug|Any CPU.Build.0 = Debug|Any CPU
		{0FF49020-8C25-41D1-96B4-510813DCEACF}.Release|Any CPU.ActiveCfg = Debug|Any CPU
		{0FF49020-8C25-41D1-96B4-510813DCEACF}.Release|Any CPU.Build.0 = Debug|Any CPU
	EndGlobalSection
	GlobalSection(SolutionProperties) = preSolution
		HideSolutionNode = FALSE
	EndGlobalSection
	GlobalSection(ExtensibilityGlobals) = postSolution
		SolutionGuid = {7BA41628-2203-423D-A9AC-8454CD44F95E}
	EndGlobalSection
EndGlobal
